// !$*UTF8*$!
{
	archiveVersion = 1;
	classes = {
	};
	objectVersion = 56;
	objects = {

/* Begin PBXBuildFile section */
		46C5EBE62C5B8E8F007BB982 /* DemoCICDApp.swift in Sources */ = {isa = PBXBuildFile; fileRef = 46C5EBE52C5B8E8F007BB982 /* DemoCICDApp.swift */; };
		46C5EBE82C5B8E8F007BB982 /* ContentView.swift in Sources */ = {isa = PBXBuildFile; fileRef = 46C5EBE72C5B8E8F007BB982 /* ContentView.swift */; };
		46C5EBEA2C5B8E91007BB982 /* Assets.xcassets in Resources */ = {isa = PBXBuildFile; fileRef = 46C5EBE92C5B8E91007BB982 /* Assets.xcassets */; };
		46C5EBED2C5B8E91007BB982 /* Preview Assets.xcassets in Resources */ = {isa = PBXBuildFile; fileRef = 46C5EBEC2C5B8E91007BB982 /* Preview Assets.xcassets */; };
		46C5EBF72C5B8E91007BB982 /* DemoCICDTests.swift in Sources */ = {isa = PBXBuildFile; fileRef = 46C5EBF62C5B8E91007BB982 /* DemoCICDTests.swift */; };
		46C5EC012C5B8E91007BB982 /* DemoCICDUITests.swift in Sources */ = {isa = PBXBuildFile; fileRef = 46C5EC002C5B8E91007BB982 /* DemoCICDUITests.swift */; };
		46C5EC032C5B8E91007BB982 /* DemoCICDUITestsLaunchTests.swift in Sources */ = {isa = PBXBuildFile; fileRef = 46C5EC022C5B8E91007BB982 /* DemoCICDUITestsLaunchTests.swift */; };
/* End PBXBuildFile section */

/* Begin PBXContainerItemProxy section */
		46C5EBF32C5B8E91007BB982 /* PBXContainerItemProxy */ = {
			isa = PBXContainerItemProxy;
			containerPortal = 46C5EBDA2C5B8E8F007BB982 /* Project object */;
			proxyType = 1;
			remoteGlobalIDString = 46C5EBE12C5B8E8F007BB982;
			remoteInfo = DemoCICD;
		};
		46C5EBFD2C5B8E91007BB982 /* PBXContainerItemProxy */ = {
			isa = PBXContainerItemProxy;
			containerPortal = 46C5EBDA2C5B8E8F007BB982 /* Project object */;
			proxyType = 1;
			remoteGlobalIDString = 46C5EBE12C5B8E8F007BB982;
			remoteInfo = DemoCICD;
		};
/* End PBXContainerItemProxy section */

/* Begin PBXFileReference section */
		46C5EBE22C5B8E8F007BB982 /* DemoCICD.app */ = {isa = PBXFileReference; explicitFileType = wrapper.application; includeInIndex = 0; path = DemoCICD.app; sourceTree = BUILT_PRODUCTS_DIR; };
		46C5EBE52C5B8E8F007BB982 /* DemoCICDApp.swift */ = {isa = PBXFileReference; lastKnownFileType = sourcecode.swift; path = DemoCICDApp.swift; sourceTree = "<group>"; };
		46C5EBE72C5B8E8F007BB982 /* ContentView.swift */ = {isa = PBXFileReference; lastKnownFileType = sourcecode.swift; path = ContentView.swift; sourceTree = "<group>"; };
		46C5EBE92C5B8E91007BB982 /* Assets.xcassets */ = {isa = PBXFileReference; lastKnownFileType = folder.assetcatalog; path = Assets.xcassets; sourceTree = "<group>"; };
		46C5EBEC2C5B8E91007BB982 /* Preview Assets.xcassets */ = {isa = PBXFileReference; lastKnownFileType = folder.assetcatalog; path = "Preview Assets.xcassets"; sourceTree = "<group>"; };
		46C5EBF22C5B8E91007BB982 /* DemoCICDTests.xctest */ = {isa = PBXFileReference; explicitFileType = wrapper.cfbundle; includeInIndex = 0; path = DemoCICDTests.xctest; sourceTree = BUILT_PRODUCTS_DIR; };
		46C5EBF62C5B8E91007BB982 /* DemoCICDTests.swift */ = {isa = PBXFileReference; lastKnownFileType = sourcecode.swift; path = DemoCICDTests.swift; sourceTree = "<group>"; };
		46C5EBFC2C5B8E91007BB982 /* DemoCICDUITests.xctest */ = {isa = PBXFileReference; explicitFileType = wrapper.cfbundle; includeInIndex = 0; path = DemoCICDUITests.xctest; sourceTree = BUILT_PRODUCTS_DIR; };
		46C5EC002C5B8E91007BB982 /* DemoCICDUITests.swift */ = {isa = PBXFileReference; lastKnownFileType = sourcecode.swift; path = DemoCICDUITests.swift; sourceTree = "<group>"; };
		46C5EC022C5B8E91007BB982 /* DemoCICDUITestsLaunchTests.swift */ = {isa = PBXFileReference; lastKnownFileType = sourcecode.swift; path = DemoCICDUITestsLaunchTests.swift; sourceTree = "<group>"; };
/* End PBXFileReference section */

/* Begin PBXFrameworksBuildPhase section */
		46C5EBDF2C5B8E8F007BB982 /* Frameworks */ = {
			isa = PBXFrameworksBuildPhase;
			buildActionMask = 2147483647;
			files = (
			);
			runOnlyForDeploymentPostprocessing = 0;
		};
		46C5EBEF2C5B8E91007BB982 /* Frameworks */ = {
			isa = PBXFrameworksBuildPhase;
			buildActionMask = 2147483647;
			files = (
			);
			runOnlyForDeploymentPostprocessing = 0;
		};
		46C5EBF92C5B8E91007BB982 /* Frameworks */ = {
			isa = PBXFrameworksBuildPhase;
			buildActionMask = 2147483647;
			files = (
			);
			runOnlyForDeploymentPostprocessing = 0;
		};
/* End PBXFrameworksBuildPhase section */

/* Begin PBXGroup section */
		46C5EBD92C5B8E8F007BB982 = {
			isa = PBXGroup;
			children = (
				46C5EBE42C5B8E8F007BB982 /* DemoCICD */,
				46C5EBF52C5B8E91007BB982 /* DemoCICDTests */,
				46C5EBFF2C5B8E91007BB982 /* DemoCICDUITests */,
				46C5EBE32C5B8E8F007BB982 /* Products */,
			);
			sourceTree = "<group>";
		};
		46C5EBE32C5B8E8F007BB982 /* Products */ = {
			isa = PBXGroup;
			children = (
				46C5EBE22C5B8E8F007BB982 /* DemoCICD.app */,
				46C5EBF22C5B8E91007BB982 /* DemoCICDTests.xctest */,
				46C5EBFC2C5B8E91007BB982 /* DemoCICDUITests.xctest */,
			);
			name = Products;
			sourceTree = "<group>";
		};
		46C5EBE42C5B8E8F007BB982 /* DemoCICD */ = {
			isa = PBXGroup;
			children = (
				46C5EBE52C5B8E8F007BB982 /* DemoCICDApp.swift */,
				46C5EBE72C5B8E8F007BB982 /* ContentView.swift */,
				46C5EBE92C5B8E91007BB982 /* Assets.xcassets */,
				46C5EBEB2C5B8E91007BB982 /* Preview Content */,
			);
			path = DemoCICD;
			sourceTree = "<group>";
		};
		46C5EBEB2C5B8E91007BB982 /* Preview Content */ = {
			isa = PBXGroup;
			children = (
				46C5EBEC2C5B8E91007BB982 /* Preview Assets.xcassets */,
			);
			path = "Preview Content";
			sourceTree = "<group>";
		};
		46C5EBF52C5B8E91007BB982 /* DemoCICDTests */ = {
			isa = PBXGroup;
			children = (
				46C5EBF62C5B8E91007BB982 /* DemoCICDTests.swift */,
			);
			path = DemoCICDTests;
			sourceTree = "<group>";
		};
		46C5EBFF2C5B8E91007BB982 /* DemoCICDUITests */ = {
			isa = PBXGroup;
			children = (
				46C5EC002C5B8E91007BB982 /* DemoCICDUITests.swift */,
				46C5EC022C5B8E91007BB982 /* DemoCICDUITestsLaunchTests.swift */,
			);
			path = DemoCICDUITests;
			sourceTree = "<group>";
		};
/* End PBXGroup section */

/* Begin PBXNativeTarget section */
		46C5EBE12C5B8E8F007BB982 /* DemoCICD */ = {
			isa = PBXNativeTarget;
			buildConfigurationList = 46C5EC062C5B8E91007BB982 /* Build configuration list for PBXNativeTarget "DemoCICD" */;
			buildPhases = (
				46C5EBDE2C5B8E8F007BB982 /* Sources */,
				46C5EBDF2C5B8E8F007BB982 /* Frameworks */,
				46C5EBE02C5B8E8F007BB982 /* Resources */,
			);
			buildRules = (
			);
			dependencies = (
			);
			name = DemoCICD;
			productName = DemoCICD;
			productReference = 46C5EBE22C5B8E8F007BB982 /* DemoCICD.app */;
			productType = "com.apple.product-type.application";
		};
		46C5EBF12C5B8E91007BB982 /* DemoCICDTests */ = {
			isa = PBXNativeTarget;
			buildConfigurationList = 46C5EC092C5B8E91007BB982 /* Build configuration list for PBXNativeTarget "DemoCICDTests" */;
			buildPhases = (
				46C5EBEE2C5B8E91007BB982 /* Sources */,
				46C5EBEF2C5B8E91007BB982 /* Frameworks */,
				46C5EBF02C5B8E91007BB982 /* Resources */,
			);
			buildRules = (
			);
			dependencies = (
				46C5EBF42C5B8E91007BB982 /* PBXTargetDependency */,
			);
			name = DemoCICDTests;
			productName = DemoCICDTests;
			productReference = 46C5EBF22C5B8E91007BB982 /* DemoCICDTests.xctest */;
			productType = "com.apple.product-type.bundle.unit-test";
		};
		46C5EBFB2C5B8E91007BB982 /* DemoCICDUITests */ = {
			isa = PBXNativeTarget;
			buildConfigurationList = 46C5EC0C2C5B8E91007BB982 /* Build configuration list for PBXNativeTarget "DemoCICDUITests" */;
			buildPhases = (
				46C5EBF82C5B8E91007BB982 /* Sources */,
				46C5EBF92C5B8E91007BB982 /* Frameworks */,
				46C5EBFA2C5B8E91007BB982 /* Resources */,
			);
			buildRules = (
			);
			dependencies = (
				46C5EBFE2C5B8E91007BB982 /* PBXTargetDependency */,
			);
			name = DemoCICDUITests;
			productName = DemoCICDUITests;
			productReference = 46C5EBFC2C5B8E91007BB982 /* DemoCICDUITests.xctest */;
			productType = "com.apple.product-type.bundle.ui-testing";
		};
/* End PBXNativeTarget section */

/* Begin PBXProject section */
		46C5EBDA2C5B8E8F007BB982 /* Project object */ = {
			isa = PBXProject;
			attributes = {
				BuildIndependentTargetsInParallel = 1;
				LastSwiftUpdateCheck = 1520;
				LastUpgradeCheck = 1520;
				TargetAttributes = {
					46C5EBE12C5B8E8F007BB982 = {
						CreatedOnToolsVersion = 15.2;
					};
					46C5EBF12C5B8E91007BB982 = {
						CreatedOnToolsVersion = 15.2;
						TestTargetID = 46C5EBE12C5B8E8F007BB982;
					};
					46C5EBFB2C5B8E91007BB982 = {
						CreatedOnToolsVersion = 15.2;
						TestTargetID = 46C5EBE12C5B8E8F007BB982;
					};
				};
			};
			buildConfigurationList = 46C5EBDD2C5B8E8F007BB982 /* Build configuration list for PBXProject "DemoCICD" */;
			compatibilityVersion = "Xcode 14.0";
			developmentRegion = en;
			hasScannedForEncodings = 0;
			knownRegions = (
				en,
				Base,
			);
			mainGroup = 46C5EBD92C5B8E8F007BB982;
			productRefGroup = 46C5EBE32C5B8E8F007BB982 /* Products */;
			projectDirPath = "";
			projectRoot = "";
			targets = (
				46C5EBE12C5B8E8F007BB982 /* DemoCICD */,
				46C5EBF12C5B8E91007BB982 /* DemoCICDTests */,
				46C5EBFB2C5B8E91007BB982 /* DemoCICDUITests */,
			);
		};
/* End PBXProject section */

/* Begin PBXResourcesBuildPhase section */
		46C5EBE02C5B8E8F007BB982 /* Resources */ = {
			isa = PBXResourcesBuildPhase;
			buildActionMask = 2147483647;
			files = (
				46C5EBED2C5B8E91007BB982 /* Preview Assets.xcassets in Resources */,
				46C5EBEA2C5B8E91007BB982 /* Assets.xcassets in Resources */,
			);
			runOnlyForDeploymentPostprocessing = 0;
		};
		46C5EBF02C5B8E91007BB982 /* Resources */ = {
			isa = PBXResourcesBuildPhase;
			buildActionMask = 2147483647;
			files = (
			);
			runOnlyForDeploymentPostprocessing = 0;
		};
		46C5EBFA2C5B8E91007BB982 /* Resources */ = {
			isa = PBXResourcesBuildPhase;
			buildActionMask = 2147483647;
			files = (
			);
			runOnlyForDeploymentPostprocessing = 0;
		};
/* End PBXResourcesBuildPhase section */

/* Begin PBXSourcesBuildPhase section */
		46C5EBDE2C5B8E8F007BB982 /* Sources */ = {
			isa = PBXSourcesBuildPhase;
			buildActionMask = 2147483647;
			files = (
				46C5EBE82C5B8E8F007BB982 /* ContentView.swift in Sources */,
				46C5EBE62C5B8E8F007BB982 /* DemoCICDApp.swift in Sources */,
			);
			runOnlyForDeploymentPostprocessing = 0;
		};
		46C5EBEE2C5B8E91007BB982 /* Sources */ = {
			isa = PBXSourcesBuildPhase;
			buildActionMask = 2147483647;
			files = (
				46C5EBF72C5B8E91007BB982 /* DemoCICDTests.swift in Sources */,
			);
			runOnlyForDeploymentPostprocessing = 0;
		};
		46C5EBF82C5B8E91007BB982 /* Sources */ = {
			isa = PBXSourcesBuildPhase;
			buildActionMask = 2147483647;
			files = (
				46C5EC032C5B8E91007BB982 /* DemoCICDUITestsLaunchTests.swift in Sources */,
				46C5EC012C5B8E91007BB982 /* DemoCICDUITests.swift in Sources */,
			);
			runOnlyForDeploymentPostprocessing = 0;
		};
/* End PBXSourcesBuildPhase section */

/* Begin PBXTargetDependency section */
		46C5EBF42C5B8E91007BB982 /* PBXTargetDependency */ = {
			isa = PBXTargetDependency;
			target = 46C5EBE12C5B8E8F007BB982 /* DemoCICD */;
			targetProxy = 46C5EBF32C5B8E91007BB982 /* PBXContainerItemProxy */;
		};
		46C5EBFE2C5B8E91007BB982 /* PBXTargetDependency */ = {
			isa = PBXTargetDependency;
			target = 46C5EBE12C5B8E8F007BB982 /* DemoCICD */;
			targetProxy = 46C5EBFD2C5B8E91007BB982 /* PBXContainerItemProxy */;
		};
/* End PBXTargetDependency section */

/* Begin XCBuildConfiguration section */
		46C5EC042C5B8E91007BB982 /* Debug */ = {
			isa = XCBuildConfiguration;
			buildSettings = {
				ALWAYS_SEARCH_USER_PATHS = NO;
				ASSETCATALOG_COMPILER_GENERATE_SWIFT_ASSET_SYMBOL_EXTENSIONS = YES;
				CLANG_ANALYZER_NONNULL = YES;
				CLANG_ANALYZER_NUMBER_OBJECT_CONVERSION = YES_AGGRESSIVE;
				CLANG_CXX_LANGUAGE_STANDARD = "gnu++20";
				CLANG_ENABLE_MODULES = YES;
				CLANG_ENABLE_OBJC_ARC = YES;
				CLANG_ENABLE_OBJC_WEAK = YES;
				CLANG_WARN_BLOCK_CAPTURE_AUTORELEASING = YES;
				CLANG_WARN_BOOL_CONVERSION = YES;
				CLANG_WARN_COMMA = YES;
				CLANG_WARN_CONSTANT_CONVERSION = YES;
				CLANG_WARN_DEPRECATED_OBJC_IMPLEMENTATIONS = YES;
				CLANG_WARN_DIRECT_OBJC_ISA_USAGE = YES_ERROR;
				CLANG_WARN_DOCUMENTATION_COMMENTS = YES;
				CLANG_WARN_EMPTY_BODY = YES;
				CLANG_WARN_ENUM_CONVERSION = YES;
				CLANG_WARN_INFINITE_RECURSION = YES;
				CLANG_WARN_INT_CONVERSION = YES;
				CLANG_WARN_NON_LITERAL_NULL_CONVERSION = YES;
				CLANG_WARN_OBJC_IMPLICIT_RETAIN_SELF = YES;
				CLANG_WARN_OBJC_LITERAL_CONVERSION = YES;
				CLANG_WARN_OBJC_ROOT_CLASS = YES_ERROR;
				CLANG_WARN_QUOTED_INCLUDE_IN_FRAMEWORK_HEADER = YES;
				CLANG_WARN_RANGE_LOOP_ANALYSIS = YES;
				CLANG_WARN_STRICT_PROTOTYPES = YES;
				CLANG_WARN_SUSPICIOUS_MOVE = YES;
				CLANG_WARN_UNGUARDED_AVAILABILITY = YES_AGGRESSIVE;
				CLANG_WARN_UNREACHABLE_CODE = YES;
				CLANG_WARN__DUPLICATE_METHOD_MATCH = YES;
				COPY_PHASE_STRIP = NO;
				DEBUG_INFORMATION_FORMAT = dwarf;
				ENABLE_STRICT_OBJC_MSGSEND = YES;
				ENABLE_TESTABILITY = YES;
				ENABLE_USER_SCRIPT_SANDBOXING = YES;
				GCC_C_LANGUAGE_STANDARD = gnu17;
				GCC_DYNAMIC_NO_PIC = NO;
				GCC_NO_COMMON_BLOCKS = YES;
				GCC_OPTIMIZATION_LEVEL = 0;
				GCC_PREPROCESSOR_DEFINITIONS = (
					"DEBUG=1",
					"$(inherited)",
				);
				GCC_WARN_64_TO_32_BIT_CONVERSION = YES;
				GCC_WARN_ABOUT_RETURN_TYPE = YES_ERROR;
				GCC_WARN_UNDECLARED_SELECTOR = YES;
				GCC_WARN_UNINITIALIZED_AUTOS = YES_AGGRESSIVE;
				GCC_WARN_UNUSED_FUNCTION = YES;
				GCC_WARN_UNUSED_VARIABLE = YES;
				IPHONEOS_DEPLOYMENT_TARGET = 17.2;
				LOCALIZATION_PREFERS_STRING_CATALOGS = YES;
				MTL_ENABLE_DEBUG_INFO = INCLUDE_SOURCE;
				MTL_FAST_MATH = YES;
				ONLY_ACTIVE_ARCH = YES;
				SDKROOT = iphoneos;
				SWIFT_ACTIVE_COMPILATION_CONDITIONS = "DEBUG $(inherited)";
				SWIFT_OPTIMIZATION_LEVEL = "-Onone";
			};
			name = Debug;
		};
		46C5EC052C5B8E91007BB982 /* Release */ = {
			isa = XCBuildConfiguration;
			buildSettings = {
				ALWAYS_SEARCH_USER_PATHS = NO;
				ASSETCATALOG_COMPILER_GENERATE_SWIFT_ASSET_SYMBOL_EXTENSIONS = YES;
				CLANG_ANALYZER_NONNULL = YES;
				CLANG_ANALYZER_NUMBER_OBJECT_CONVERSION = YES_AGGRESSIVE;
				CLANG_CXX_LANGUAGE_STANDARD = "gnu++20";
				CLANG_ENABLE_MODULES = YES;
				CLANG_ENABLE_OBJC_ARC = YES;
				CLANG_ENABLE_OBJC_WEAK = YES;
				CLANG_WARN_BLOCK_CAPTURE_AUTORELEASING = YES;
				CLANG_WARN_BOOL_CONVERSION = YES;
				CLANG_WARN_COMMA = YES;
				CLANG_WARN_CONSTANT_CONVERSION = YES;
				CLANG_WARN_DEPRECATED_OBJC_IMPLEMENTATIONS = YES;
				CLANG_WARN_DIRECT_OBJC_ISA_USAGE = YES_ERROR;
				CLANG_WARN_DOCUMENTATION_COMMENTS = YES;
				CLANG_WARN_EMPTY_BODY = YES;
				CLANG_WARN_ENUM_CONVERSION = YES;
				CLANG_WARN_INFINITE_RECURSION = YES;
				CLANG_WARN_INT_CONVERSION = YES;
				CLANG_WARN_NON_LITERAL_NULL_CONVERSION = YES;
				CLANG_WARN_OBJC_IMPLICIT_RETAIN_SELF = YES;
				CLANG_WARN_OBJC_LITERAL_CONVERSION = YES;
				CLANG_WARN_OBJC_ROOT_CLASS = YES_ERROR;
				CLANG_WARN_QUOTED_INCLUDE_IN_FRAMEWORK_HEADER = YES;
				CLANG_WARN_RANGE_LOOP_ANALYSIS = YES;
				CLANG_WARN_STRICT_PROTOTYPES = YES;
				CLANG_WARN_SUSPICIOUS_MOVE = YES;
				CLANG_WARN_UNGUARDED_AVAILABILITY = YES_AGGRESSIVE;
				CLANG_WARN_UNREACHABLE_CODE = YES;
				CLANG_WARN__DUPLICATE_METHOD_MATCH = YES;
				COPY_PHASE_STRIP = NO;
				DEBUG_INFORMATION_FORMAT = "dwarf-with-dsym";
				ENABLE_NS_ASSERTIONS = NO;
				ENABLE_STRICT_OBJC_MSGSEND = YES;
				ENABLE_USER_SCRIPT_SANDBOXING = YES;
				GCC_C_LANGUAGE_STANDARD = gnu17;
				GCC_NO_COMMON_BLOCKS = YES;
				GCC_WARN_64_TO_32_BIT_CONVERSION = YES;
				GCC_WARN_ABOUT_RETURN_TYPE = YES_ERROR;
				GCC_WARN_UNDECLARED_SELECTOR = YES;
				GCC_WARN_UNINITIALIZED_AUTOS = YES_AGGRESSIVE;
				GCC_WARN_UNUSED_FUNCTION = YES;
				GCC_WARN_UNUSED_VARIABLE = YES;
				IPHONEOS_DEPLOYMENT_TARGET = 17.2;
				LOCALIZATION_PREFERS_STRING_CATALOGS = YES;
				MTL_ENABLE_DEBUG_INFO = NO;
				MTL_FAST_MATH = YES;
				SDKROOT = iphoneos;
				SWIFT_COMPILATION_MODE = wholemodule;
				VALIDATE_PRODUCT = YES;
			};
			name = Release;
		};
		46C5EC072C5B8E91007BB982 /* Debug */ = {
			isa = XCBuildConfiguration;
			buildSettings = {
				ASSETCATALOG_COMPILER_APPICON_NAME = AppIcon;
				ASSETCATALOG_COMPILER_GLOBAL_ACCENT_COLOR_NAME = AccentColor;
				CODE_SIGN_STYLE = Automatic;
				CURRENT_PROJECT_VERSION = 1;
				DEVELOPMENT_ASSET_PATHS = "\"DemoCICD/Preview Content\"";
				ENABLE_PREVIEWS = YES;
				GENERATE_INFOPLIST_FILE = YES;
				INFOPLIST_KEY_UIApplicationSceneManifest_Generation = YES;
				INFOPLIST_KEY_UIApplicationSupportsIndirectInputEvents = YES;
				INFOPLIST_KEY_UILaunchScreen_Generation = YES;
				INFOPLIST_KEY_UISupportedInterfaceOrientations_iPad = "UIInterfaceOrientationPortrait UIInterfaceOrientationPortraitUpsideDown UIInterfaceOrientationLandscapeLeft UIInterfaceOrientationLandscapeRight";
				INFOPLIST_KEY_UISupportedInterfaceOrientations_iPhone = "UIInterfaceOrientationPortrait UIInterfaceOrientationLandscapeLeft UIInterfaceOrientationLandscapeRight";
				LD_RUNPATH_SEARCH_PATHS = (
					"$(inherited)",
					"@executable_path/Frameworks",
				);
				MARKETING_VERSION = 1.0;
				PRODUCT_BUNDLE_IDENTIFIER = Amal.DemoCICD;
				PRODUCT_NAME = "$(TARGET_NAME)";
				SWIFT_EMIT_LOC_STRINGS = YES;
				SWIFT_VERSION = 5.0;
				TARGETED_DEVICE_FAMILY = "1,2";
			};
			name = Debug;
		};
		46C5EC082C5B8E91007BB982 /* Release */ = {
			isa = XCBuildConfiguration;
			buildSettings = {
				ASSETCATALOG_COMPILER_APPICON_NAME = AppIcon;
				ASSETCATALOG_COMPILER_GLOBAL_ACCENT_COLOR_NAME = AccentColor;
				CODE_SIGN_STYLE = Automatic;
				CURRENT_PROJECT_VERSION = 1;
				DEVELOPMENT_ASSET_PATHS = "\"DemoCICD/Preview Content\"";
				ENABLE_PREVIEWS = YES;
				GENERATE_INFOPLIST_FILE = YES;
				INFOPLIST_KEY_UIApplicationSceneManifest_Generation = YES;
				INFOPLIST_KEY_UIApplicationSupportsIndirectInputEvents = YES;
				INFOPLIST_KEY_UILaunchScreen_Generation = YES;
				INFOPLIST_KEY_UISupportedInterfaceOrientations_iPad = "UIInterfaceOrientationPortrait UIInterfaceOrientationPortraitUpsideDown UIInterfaceOrientationLandscapeLeft UIInterfaceOrientationLandscapeRight";
				INFOPLIST_KEY_UISupportedInterfaceOrientations_iPhone = "UIInterfaceOrientationPortrait UIInterfaceOrientationLandscapeLeft UIInterfaceOrientationLandscapeRight";
				LD_RUNPATH_SEARCH_PATHS = (
					"$(inherited)",
					"@executable_path/Frameworks",
				);
				MARKETING_VERSION = 1.0;
				PRODUCT_BUNDLE_IDENTIFIER = Amal.DemoCICD;
				PRODUCT_NAME = "$(TARGET_NAME)";
				SWIFT_EMIT_LOC_STRINGS = YES;
				SWIFT_VERSION = 5.0;
				TARGETED_DEVICE_FAMILY = "1,2";
			};
			name = Release;
		};
		46C5EC0A2C5B8E91007BB982 /* Debug */ = {
			isa = XCBuildConfiguration;
			buildSettings = {
				ALWAYS_EMBED_SWIFT_STANDARD_LIBRARIES = YES;
				BUNDLE_LOADER = "$(TEST_HOST)";
				CODE_SIGN_STYLE = Automatic;
				CURRENT_PROJECT_VERSION = 1;
				GENERATE_INFOPLIST_FILE = YES;
				IPHONEOS_DEPLOYMENT_TARGET = 17.2;
				MARKETING_VERSION = 1.0;
				PRODUCT_BUNDLE_IDENTIFIER = Amal.DemoCICDTests;
				PRODUCT_NAME = "$(TARGET_NAME)";
				SWIFT_EMIT_LOC_STRINGS = NO;
				SWIFT_VERSION = 5.0;
				TARGETED_DEVICE_FAMILY = "1,2";
				TEST_HOST = "$(BUILT_PRODUCTS_DIR)/DemoCICD.app/$(BUNDLE_EXECUTABLE_FOLDER_PATH)/DemoCICD";
			};
			name = Debug;
		};
		46C5EC0B2C5B8E91007BB982 /* Release */ = {
			isa = XCBuildConfiguration;
			buildSettings = {
				ALWAYS_EMBED_SWIFT_STANDARD_LIBRARIES = YES;
				BUNDLE_LOADER = "$(TEST_HOST)";
				CODE_SIGN_STYLE = Automatic;
				CURRENT_PROJECT_VERSION = 1;
				GENERATE_INFOPLIST_FILE = YES;
				IPHONEOS_DEPLOYMENT_TARGET = 17.2;
				MARKETING_VERSION = 1.0;
				PRODUCT_BUNDLE_IDENTIFIER = Amal.DemoCICDTests;
				PRODUCT_NAME = "$(TARGET_NAME)";
				SWIFT_EMIT_LOC_STRINGS = NO;
				SWIFT_VERSION = 5.0;
				TARGETED_DEVICE_FAMILY = "1,2";
				TEST_HOST = "$(BUILT_PRODUCTS_DIR)/DemoCICD.app/$(BUNDLE_EXECUTABLE_FOLDER_PATH)/DemoCICD";
			};
			name = Release;
		};
		46C5EC0D2C5B8E91007BB982 /* Debug */ = {
			isa = XCBuildConfiguration;
			buildSettings = {
				ALWAYS_EMBED_SWIFT_STANDARD_LIBRARIES = YES;
				CODE_SIGN_STYLE = Automatic;
				CURRENT_PROJECT_VERSION = 1;
				GENERATE_INFOPLIST_FILE = YES;
				MARKETING_VERSION = 1.0;
				PRODUCT_BUNDLE_IDENTIFIER = Amal.DemoCICDUITests;
				PRODUCT_NAME = "$(TARGET_NAME)";
				SWIFT_EMIT_LOC_STRINGS = NO;
				SWIFT_VERSION = 5.0;
				TARGETED_DEVICE_FAMILY = "1,2";
				TEST_TARGET_NAME = DemoCICD;
			};
			name = Debug;
		};
		46C5EC0E2C5B8E91007BB982 /* Release */ = {
			isa = XCBuildConfiguration;
			buildSettings = {
				ALWAYS_EMBED_SWIFT_STANDARD_LIBRARIES = YES;
				CODE_SIGN_STYLE = Automatic;
				CURRENT_PROJECT_VERSION = 1;
				GENERATE_INFOPLIST_FILE = YES;
				MARKETING_VERSION = 1.0;
				PRODUCT_BUNDLE_IDENTIFIER = Amal.DemoCICDUITests;
				PRODUCT_NAME = "$(TARGET_NAME)";
				SWIFT_EMIT_LOC_STRINGS = NO;
				SWIFT_VERSION = 5.0;
				TARGETED_DEVICE_FAMILY = "1,2";
				TEST_TARGET_NAME = DemoCICD;
			};
			name = Release;
		};
/* End XCBuildConfiguration section */

/* Begin XCConfigurationList section */
		46C5EBDD2C5B8E8F007BB982 /* Build configuration list for PBXProject "DemoCICD" */ = {
			isa = XCConfigurationList;
			buildConfigurations = (
				46C5EC042C5B8E91007BB982 /* Debug */,
				46C5EC052C5B8E91007BB982 /* Release */,
			);
			defaultConfigurationIsVisible = 0;
			defaultConfigurationName = Release;
		};
		46C5EC062C5B8E91007BB982 /* Build configuration list for PBXNativeTarget "DemoCICD" */ = {
			isa = XCConfigurationList;
			buildConfigurations = (
				46C5EC072C5B8E91007BB982 /* Debug */,
				46C5EC082C5B8E91007BB982 /* Release */,
			);
			defaultConfigurationIsVisible = 0;
			defaultConfigurationName = Release;
		};
		46C5EC092C5B8E91007BB982 /* Build configuration list for PBXNativeTarget "DemoCICDTests" */ = {
			isa = XCConfigurationList;
			buildConfigurations = (
				46C5EC0A2C5B8E91007BB982 /* Debug */,
				46C5EC0B2C5B8E91007BB982 /* Release */,
			);
			defaultConfigurationIsVisible = 0;
			defaultConfigurationName = Release;
		};
		46C5EC0C2C5B8E91007BB982 /* Build configuration list for PBXNativeTarget "DemoCICDUITests" */ = {
			isa = XCConfigurationList;
			buildConfigurations = (
				46C5EC0D2C5B8E91007BB982 /* Debug */,
				46C5EC0E2C5B8E91007BB982 /* Release */,
			);
			defaultConfigurationIsVisible = 0;
			defaultConfigurationName = Release;
		};
/* End XCConfigurationList section */
	};
	rootObject = 46C5EBDA2C5B8E8F007BB982 /* Project object */;
}
